
Microsoft Visual Studio Solution File, Format Version 12.00
# Visual Studio Version 16
VisualStudioVersion = 16.0.31205.134
MinimumVisualStudioVersion = 10.0.40219.1
Project("{FAE04EC0-301F-11D3-BF4B-00C04F79EFBC}") = "design-patterns", "design-patterns\design-patterns.csproj", "{DFDA00D7-344F-4060-B464-00D74D97633D}"
EndProject
Global
	GlobalSection(SolutionConfigurationPlatforms) = preSolution
		Debug|Any CPU = Debug|Any CPU
		Release|Any CPU = Release|Any CPU
	EndGlobalSection
	GlobalSection(ProjectConfigurationPlatforms) = postSolution
		{DFDA00D7-344F-4060-B464-00D74D97633D}.Debug|Any CPU.ActiveCfg = Debug|Any CPU
		{DFDA00D7-344F-4060-B464-00D74D97633D}.Debug|Any CPU.Build.0 = Debug|Any CPU
		{DFDA00D7-344F-4060-B464-00D74D97633D}.Release|Any CPU.ActiveCfg = Release|Any CPU
		{DFDA00D7-344F-4060-B464-00D74D97633D}.Release|Any CPU.Build.0 = Release|Any CPU
	EndGlobalSection
	GlobalSection(SolutionProperties) = preSolution
		HideSolutionNode = FALSE
	EndGlobalSection
	GlobalSection(ExtensibilityGlobals) = postSolution
		SolutionGuid = {1785A1E2-F220-4982-90C2-FA2D141554F6}
	EndGlobalSection
EndGlobal
